
Microsoft Visual Studio Solution File, Format Version 12.00
# Visual Studio Version 16
VisualStudioVersion = 16.0.32929.386
MinimumVisualStudioVersion = 10.0.40219.1
Project("{FAE04EC0-301F-11D3-BF4B-00C04F79EFBC}") = "PACRKS_HFT_2022231", "PACRKS_HFT_2022231\PACRKS_HFT_2022231.csproj", "{B064447B-FADD-4A4F-965D-47098AE84AC1}"
EndProject
Project("{FAE04EC0-301F-11D3-BF4B-00C04F79EFBC}") = "PACRKS_HFT_2022231.Models", "PACRKS_HFT_2022231.Models\PACRKS_HFT_2022231.Models.csproj", "{EE8289BA-0932-4046-8562-823B827B9C5F}"
EndProject
Project("{FAE04EC0-301F-11D3-BF4B-00C04F79EFBC}") = "PACRKS_HFT_2022231.Logic", "PACRKS_HFT_2022231.Logic\PACRKS_HFT_2022231.Logic.csproj", "{F2E2DCBA-CEB9-474C-8CA2-D672A834CE0E}"
EndProject
Project("{FAE04EC0-301F-11D3-BF4B-00C04F79EFBC}") = "PACRKS_HFT_2022231.Repository", "PACRKS_HFT_2022231.Repository\PACRKS_HFT_2022231.Repository.csproj", "{1C3006A6-36A1-4351-9A32-674E7787F802}"
EndProject
Project("{FAE04EC0-301F-11D3-BF4B-00C04F79EFBC}") = "PACRKS_HFT_2022231.Endpoint", "PACRKS_HFT_2022231.Endpoint\PACRKS_HFT_2022231.Endpoint.csproj", "{AB926199-9EE3-427D-BE36-FA220C23EBBC}"
EndProject
Project("{FAE04EC0-301F-11D3-BF4B-00C04F79EFBC}") = "PACRKS_HFT_2022231.Test", "PACRKS_HFT_2022231.Test\PACRKS_HFT_2022231.Test.csproj", "{3DBB4267-77E8-47C7-BCF7-078601CF4493}"
EndProject
Project("{2150E333-8FDC-42A3-9474-1A3956D46DE8}") = "Backend", "Backend", "{84E69E71-057C-47A1-92E9-F4CC02133B92}"
EndProject
Project("{2150E333-8FDC-42A3-9474-1A3956D46DE8}") = "Frontend", "Frontend", "{8871BA25-BC7D-4881-99DB-FE5502BFC9DB}"
EndProject
Project("{2150E333-8FDC-42A3-9474-1A3956D46DE8}") = "Shared", "Shared", "{EAA1BB15-8093-4116-9747-A4221EEA383C}"
EndProject
Global
	GlobalSection(SolutionConfigurationPlatforms) = preSolution
		Debug|Any CPU = Debug|Any CPU
		Release|Any CPU = Release|Any CPU
	EndGlobalSection
	GlobalSection(ProjectConfigurationPlatforms) = postSolution
		{B064447B-FADD-4A4F-965D-47098AE84AC1}.Debug|Any CPU.ActiveCfg = Debug|Any CPU
		{B064447B-FADD-4A4F-965D-47098AE84AC1}.Debug|Any CPU.Build.0 = Debug|Any CPU
		{B064447B-FADD-4A4F-965D-47098AE84AC1}.Release|Any CPU.ActiveCfg = Release|Any CPU
		{B064447B-FADD-4A4F-965D-47098AE84AC1}.Release|Any CPU.Build.0 = Release|Any CPU
		{EE8289BA-0932-4046-8562-823B827B9C5F}.Debug|Any CPU.ActiveCfg = Debug|Any CPU
		{EE8289BA-0932-4046-8562-823B827B9C5F}.Debug|Any CPU.Build.0 = Debug|Any CPU
		{EE8289BA-0932-4046-8562-823B827B9C5F}.Release|Any CPU.ActiveCfg = Release|Any CPU
		{EE8289BA-0932-4046-8562-823B827B9C5F}.Release|Any CPU.Build.0 = Release|Any CPU
		{F2E2DCBA-CEB9-474C-8CA2-D672A834CE0E}.Debug|Any CPU.ActiveCfg = Debug|Any CPU
		{F2E2DCBA-CEB9-474C-8CA2-D672A834CE0E}.Debug|Any CPU.Build.0 = Debug|Any CPU
		{F2E2DCBA-CEB9-474C-8CA2-D672A834CE0E}.Release|Any CPU.ActiveCfg = Release|Any CPU
		{F2E2DCBA-CEB9-474C-8CA2-D672A834CE0E}.Release|Any CPU.Build.0 = Release|Any CPU
		{1C3006A6-36A1-4351-9A32-674E7787F802}.Debug|Any CPU.ActiveCfg = Debug|Any CPU
		{1C3006A6-36A1-4351-9A32-674E7787F802}.Debug|Any CPU.Build.0 = Debug|Any CPU
		{1C3006A6-36A1-4351-9A32-674E7787F802}.Release|Any CPU.ActiveCfg = Release|Any CPU
		{1C3006A6-36A1-4351-9A32-674E7787F802}.Release|Any CPU.Build.0 = Release|Any CPU
		{AB926199-9EE3-427D-BE36-FA220C23EBBC}.Debug|Any CPU.ActiveCfg = Debug|Any CPU
		{AB926199-9EE3-427D-BE36-FA220C23EBBC}.Debug|Any CPU.Build.0 = Debug|Any CPU
		{AB926199-9EE3-427D-BE36-FA220C23EBBC}.Release|Any CPU.ActiveCfg = Release|Any CPU
		{AB926199-9EE3-427D-BE36-FA220C23EBBC}.Release|Any CPU.Build.0 = Release|Any CPU
		{3DBB4267-77E8-47C7-BCF7-078601CF4493}.Debug|Any CPU.ActiveCfg = Debug|Any CPU
		{3DBB4267-77E8-47C7-BCF7-078601CF4493}.Debug|Any CPU.Build.0 = Debug|Any CPU
		{3DBB4267-77E8-47C7-BCF7-078601CF4493}.Release|Any CPU.ActiveCfg = Release|Any CPU
		{3DBB4267-77E8-47C7-BCF7-078601CF4493}.Release|Any CPU.Build.0 = Release|Any CPU
	EndGlobalSection
	GlobalSection(SolutionProperties) = preSolution
		HideSolutionNode = FALSE
	EndGlobalSection
	GlobalSection(NestedProjects) = preSolution
		{B064447B-FADD-4A4F-965D-47098AE84AC1} = {8871BA25-BC7D-4881-99DB-FE5502BFC9DB}
		{EE8289BA-0932-4046-8562-823B827B9C5F} = {EAA1BB15-8093-4116-9747-A4221EEA383C}
		{F2E2DCBA-CEB9-474C-8CA2-D672A834CE0E} = {84E69E71-057C-47A1-92E9-F4CC02133B92}
		{1C3006A6-36A1-4351-9A32-674E7787F802} = {84E69E71-057C-47A1-92E9-F4CC02133B92}
		{AB926199-9EE3-427D-BE36-FA220C23EBBC} = {84E69E71-057C-47A1-92E9-F4CC02133B92}
		{3DBB4267-77E8-47C7-BCF7-078601CF4493} = {84E69E71-057C-47A1-92E9-F4CC02133B92}
	EndGlobalSection
	GlobalSection(ExtensibilityGlobals) = postSolution
		SolutionGuid = {D57E9E9C-48A8-4B6E-8991-4AF74A1CE2BB}
	EndGlobalSection
EndGlobal
